dependencies:
- name: nuc-common
  repository: oci://registry.nixys.ru/nuc
  version: 1.0.5
- name: nuc-traefik
  repository: oci://registry.nixys.ru/nuc
  version: 1.0.5
- name: nuc-certificates
  repository: oci://registry.nixys.ru/nuc
  version: 1.0.4
- name: nuc-istio
  repository: oci://registry.nixys.ru/nuc
  version: 1.0.5
- name: nuc-fluxcd
  repository: oci://registry.nixys.ru/nuc
  version: 1.0.4
- name: nuc-argocd
  repository: oci://registry.nixys.ru/nuc
  version: 1.0.4
- name: nuc-knative
  repository: oci://registry.nixys.ru/nuc
  version: 1.0.5
- name: nuc-kserve
  repository: oci://registry.nixys.ru/nuc
  version: 1.0.4
- name: nuc-kube-prometheus-stack
  repository: oci://registry.nixys.ru/nuc
  version: 1.0.5
- name: nuc-native-gateway
  repository: oci://registry.nixys.ru/nuc
  version: 1.0.6
- name: nuc-victoria-metrics
  repository: oci://registry.nixys.ru/nuc
  version: 1.0.4
- name: nuc-vault-secret-operator
  repository: oci://registry.nixys.ru/nuc
  version: 1.0.5
- name: nuc-keda
  repository: oci://registry.nixys.ru/nuc
  version: 1.0.4
- name: nuc-cloudnativepg
  repository: oci://registry.nixys.ru/nuc
  version: 1.0.0
- name: nuc-mysql-percona-operator
  repository: oci://registry.nixys.ru/nuc
  version: 1.0.0
- name: nuc-rabbitmq
  repository: oci://registry.nixys.ru/nuc
  version: 1.0.1
- name: nuc-clickhouse
  repository: oci://registry.nixys.ru/nuc
  version: 1.0.1
- name: nuc-elk
  repository: oci://registry.nixys.ru/nuc
  version: 1.0.0
- name: nuc-external-secrets
  repository: oci://registry.nixys.ru/nuc
  version: 1.1.0
- name: nuc-mongodb-percona-operator
  repository: oci://registry.nixys.ru/nuc
  version: 1.0.0
- name: nuc-envoy-gateway
  repository: oci://registry.nixys.ru/nuc
  version: 1.0.1
- name: nuc-valkey
  repository: oci://registry.nixys.ru/nuc
  version: 1.0.0
- name: nuc-keycloak-operator
  repository: oci://registry.nixys.ru/nuc
  version: 1.0.1
- name: nuc-strimzi-kafka-operator
  repository: oci://registry.nixys.ru/nuc
  version: 1.0.0
digest: sha256:4436d021a73b06ec8eabda452ca0912dc7c2f25b87f9421c0464172ab666be9a
generated: "2026-07-17T15:25:00.793945411+07:00"
